
Microsoft Visual Studio Solution File, Format Version 12.00
# Visual Studio 14
VisualStudioVersion = 14.0.23107.0
MinimumVisualStudioVersion = 10.0.40219.1
Project("{FAE04EC0-301F-11D3-BF4B-00C04F79EFBC}") = "Simple.LdapUtility", "Simple.LdapUtility\Simple.LdapUtility.csproj", "{F36A0340-F4B0-40E8-A284-0EA89F984BB8}"
EndProject
Project("{FAE04EC0-301F-11D3-BF4B-00C04F79EFBC}") = "UnitTest.Simple.LdapUtiity", "UnitTest.Simple.LdapUtiity\UnitTest.Simple.LdapUtiity.csproj", "{1E396F18-4E26-4E9C-A9CC-6575D8D73990}"
EndProject
Project("{2150E333-8FDC-42A3-9474-1A3956D46DE8}") = "Solution Items", "Solution Items", "{497DD689-A8C1-4B50-A6AA-05C09B631A72}"
	ProjectSection(SolutionItems) = preProject
		README.md = README.md
	EndProjectSection
EndProject
Project("{FAE04EC0-301F-11D3-BF4B-00C04F79EFBC}") = "TestLdap", "TestLdap\TestLdap.csproj", "{E7B098CE-B959-4B0E-8E50-2CBD54583987}"
EndProject
Global
	GlobalSection(SolutionConfigurationPlatforms) = preSolution
		Debug|Any CPU = Debug|Any CPU
		Release|Any CPU = Release|Any CPU
	EndGlobalSection
	GlobalSection(ProjectConfigurationPlatforms) = postSolution
		{F36A0340-F4B0-40E8-A284-0EA89F984BB8}.Debug|Any CPU.ActiveCfg = Debug|Any CPU
		{F36A0340-F4B0-40E8-A284-0EA89F984BB8}.Debug|Any CPU.Build.0 = Debug|Any CPU
		{F36A0340-F4B0-40E8-A284-0EA89F984BB8}.Release|Any CPU.ActiveCfg = Release|Any CPU
		{F36A0340-F4B0-40E8-A284-0EA89F984BB8}.Release|Any CPU.Build.0 = Release|Any CPU
		{1E396F18-4E26-4E9C-A9CC-6575D8D73990}.Debug|Any CPU.ActiveCfg = Debug|Any CPU
		{1E396F18-4E26-4E9C-A9CC-6575D8D73990}.Debug|Any CPU.Build.0 = Debug|Any CPU
		{1E396F18-4E26-4E9C-A9CC-6575D8D73990}.Release|Any CPU.ActiveCfg = Release|Any CPU
		{1E396F18-4E26-4E9C-A9CC-6575D8D73990}.Release|Any CPU.Build.0 = Release|Any CPU
		{E7B098CE-B959-4B0E-8E50-2CBD54583987}.Debug|Any CPU.ActiveCfg = Debug|Any CPU
		{E7B098CE-B959-4B0E-8E50-2CBD54583987}.Debug|Any CPU.Build.0 = Debug|Any CPU
		{E7B098CE-B959-4B0E-8E50-2CBD54583987}.Release|Any CPU.ActiveCfg = Release|Any CPU
		{E7B098CE-B959-4B0E-8E50-2CBD54583987}.Release|Any CPU.Build.0 = Release|Any CPU
	EndGlobalSection
	GlobalSection(SolutionProperties) = preSolution
		HideSolutionNode = FALSE
	EndGlobalSection
EndGlobal
